Microsoft Visual Studio Solution File, Format Version 12.00
# Visual Studio 2012
Project("{8BC9CEB8-8B4A-11D0-8D11-00A0C91BC942}") = "ALL_BUILD", "ALL_BUILD.vcxproj", "{DC8D9C0E-41B2-3158-8D5F-DDCCDCAFE922}"
	ProjectSection(ProjectDependencies) = postProject
		{FF0B4776-DCB6-3B99-8C7A-864F00294792} = {FF0B4776-DCB6-3B99-8C7A-864F00294792}
		{EA74DF19-9146-3381-8893-012797E38D89} = {EA74DF19-9146-3381-8893-012797E38D89}
		{E92ECADF-56A3-3BFC-B43D-409A1B9FC33C} = {E92ECADF-56A3-3BFC-B43D-409A1B9FC33C}
		{17591839-9B6B-3DA7-8E99-3BD898FC4D68} = {17591839-9B6B-3DA7-8E99-3BD898FC4D68}
		{881A348F-8868-32A1-8F95-FEDDB7080658} = {881A348F-8868-32A1-8F95-FEDDB7080658}
		{01D9DD17-E30C-3D9D-B6A8-7613672597D6} = {01D9DD17-E30C-3D9D-B6A8-7613672597D6}
		{380E525A-3A52-3A67-9C87-4468BE1A42C0} = {380E525A-3A52-3A67-9C87-4468BE1A42C0}
		{323A0F94-AA64-3A3C-8025-DD1E54A95E0C} = {323A0F94-AA64-3A3C-8025-DD1E54A95E0C}
		{F2E34BBA-5471-371F-8DCA-9016B410CA1A} = {F2E34BBA-5471-371F-8DCA-9016B410CA1A}
		{4AA9B54A-05AF-3342-B0C3-D05293C0EDEF} = {4AA9B54A-05AF-3342-B0C3-D05293C0EDEF}
	EndProjectSection
EndProject
Project("{8BC9CEB8-8B4A-11D0-8D11-00A0C91BC942}") = "ZERO_CHECK", "ZERO_CHECK.vcxproj", "{FF0B4776-DCB6-3B99-8C7A-864F00294792}"
	ProjectSection(ProjectDependencies) = postProject
	EndProjectSection
EndProject
Project("{8BC9CEB8-8B4A-11D0-8D11-00A0C91BC942}") = "aiaUtils", "utils\aia\aiaUtils.vcxproj", "{EA74DF19-9146-3381-8893-012797E38D89}"
	ProjectSection(ProjectDependencies) = postProject
		{FF0B4776-DCB6-3B99-8C7A-864F00294792} = {FF0B4776-DCB6-3B99-8C7A-864F00294792}
	EndProjectSection
EndProject
Project("{8BC9CEB8-8B4A-11D0-8D11-00A0C91BC942}") = "project0", "project0\project0.vcxproj", "{E92ECADF-56A3-3BFC-B43D-409A1B9FC33C}"
	ProjectSection(ProjectDependencies) = postProject
		{FF0B4776-DCB6-3B99-8C7A-864F00294792} = {FF0B4776-DCB6-3B99-8C7A-864F00294792}
		{EA74DF19-9146-3381-8893-012797E38D89} = {EA74DF19-9146-3381-8893-012797E38D89}
		{4AA9B54A-05AF-3342-B0C3-D05293C0EDEF} = {4AA9B54A-05AF-3342-B0C3-D05293C0EDEF}
	EndProjectSection
EndProject
Project("{8BC9CEB8-8B4A-11D0-8D11-00A0C91BC942}") = "project1", "project1\project1.vcxproj", "{17591839-9B6B-3DA7-8E99-3BD898FC4D68}"
	ProjectSection(ProjectDependencies) = postProject
		{FF0B4776-DCB6-3B99-8C7A-864F00294792} = {FF0B4776-DCB6-3B99-8C7A-864F00294792}
		{EA74DF19-9146-3381-8893-012797E38D89} = {EA74DF19-9146-3381-8893-012797E38D89}
		{4AA9B54A-05AF-3342-B0C3-D05293C0EDEF} = {4AA9B54A-05AF-3342-B0C3-D05293C0EDEF}
	EndProjectSection
EndProject
Project("{8BC9CEB8-8B4A-11D0-8D11-00A0C91BC942}") = "project2", "project2\project2.vcxproj", "{881A348F-8868-32A1-8F95-FEDDB7080658}"
	ProjectSection(ProjectDependencies) = postProject
		{FF0B4776-DCB6-3B99-8C7A-864F00294792} = {FF0B4776-DCB6-3B99-8C7A-864F00294792}
		{EA74DF19-9146-3381-8893-012797E38D89} = {EA74DF19-9146-3381-8893-012797E38D89}
		{4AA9B54A-05AF-3342-B0C3-D05293C0EDEF} = {4AA9B54A-05AF-3342-B0C3-D05293C0EDEF}
	EndProjectSection
EndProject
Project("{8BC9CEB8-8B4A-11D0-8D11-00A0C91BC942}") = "project3", "project3\project3.vcxproj", "{01D9DD17-E30C-3D9D-B6A8-7613672597D6}"
	ProjectSection(ProjectDependencies) = postProject
		{FF0B4776-DCB6-3B99-8C7A-864F00294792} = {FF0B4776-DCB6-3B99-8C7A-864F00294792}
		{EA74DF19-9146-3381-8893-012797E38D89} = {EA74DF19-9146-3381-8893-012797E38D89}
		{4AA9B54A-05AF-3342-B0C3-D05293C0EDEF} = {4AA9B54A-05AF-3342-B0C3-D05293C0EDEF}
	EndProjectSection
EndProject
Project("{8BC9CEB8-8B4A-11D0-8D11-00A0C91BC942}") = "project4", "project4\project4.vcxproj", "{380E525A-3A52-3A67-9C87-4468BE1A42C0}"
	ProjectSection(ProjectDependencies) = postProject
		{FF0B4776-DCB6-3B99-8C7A-864F00294792} = {FF0B4776-DCB6-3B99-8C7A-864F00294792}
		{EA74DF19-9146-3381-8893-012797E38D89} = {EA74DF19-9146-3381-8893-012797E38D89}
		{4AA9B54A-05AF-3342-B0C3-D05293C0EDEF} = {4AA9B54A-05AF-3342-B0C3-D05293C0EDEF}
	EndProjectSection
EndProject
Project("{8BC9CEB8-8B4A-11D0-8D11-00A0C91BC942}") = "project5", "project5\project5.vcxproj", "{323A0F94-AA64-3A3C-8025-DD1E54A95E0C}"
	ProjectSection(ProjectDependencies) = postProject
		{FF0B4776-DCB6-3B99-8C7A-864F00294792} = {FF0B4776-DCB6-3B99-8C7A-864F00294792}
		{EA74DF19-9146-3381-8893-012797E38D89} = {EA74DF19-9146-3381-8893-012797E38D89}
		{4AA9B54A-05AF-3342-B0C3-D05293C0EDEF} = {4AA9B54A-05AF-3342-B0C3-D05293C0EDEF}
	EndProjectSection
EndProject
Project("{8BC9CEB8-8B4A-11D0-8D11-00A0C91BC942}") = "project6", "project6\project6.vcxproj", "{F2E34BBA-5471-371F-8DCA-9016B410CA1A}"
	ProjectSection(ProjectDependencies) = postProject
		{FF0B4776-DCB6-3B99-8C7A-864F00294792} = {FF0B4776-DCB6-3B99-8C7A-864F00294792}
		{EA74DF19-9146-3381-8893-012797E38D89} = {EA74DF19-9146-3381-8893-012797E38D89}
		{4AA9B54A-05AF-3342-B0C3-D05293C0EDEF} = {4AA9B54A-05AF-3342-B0C3-D05293C0EDEF}
	EndProjectSection
EndProject
Project("{8BC9CEB8-8B4A-11D0-8D11-00A0C91BC942}") = "ucasUtils", "utils\ucas\ucasUtils.vcxproj", "{4AA9B54A-05AF-3342-B0C3-D05293C0EDEF}"
	ProjectSection(ProjectDependencies) = postProject
		{FF0B4776-DCB6-3B99-8C7A-864F00294792} = {FF0B4776-DCB6-3B99-8C7A-864F00294792}
	EndProjectSection
EndProject
Global
	GlobalSection(SolutionConfigurationPlatforms) = preSolution
		Debug|x64 = Debug|x64
		Release|x64 = Release|x64
		MinSizeRel|x64 = MinSizeRel|x64
		RelWithDebInfo|x64 = RelWithDebInfo|x64
	EndGlobalSection
	GlobalSection(ProjectConfigurationPlatforms) = postSolution
		{DC8D9C0E-41B2-3158-8D5F-DDCCDCAFE922}.Debug|x64.ActiveCfg = Debug|x64
		{DC8D9C0E-41B2-3158-8D5F-DDCCDCAFE922}.Release|x64.ActiveCfg = Release|x64
		{DC8D9C0E-41B2-3158-8D5F-DDCCDCAFE922}.MinSizeRel|x64.ActiveCfg = MinSizeRel|x64
		{DC8D9C0E-41B2-3158-8D5F-DDCCDCAFE922}.RelWithDebInfo|x64.ActiveCfg = RelWithDebInfo|x64
		{FF0B4776-DCB6-3B99-8C7A-864F00294792}.Debug|x64.ActiveCfg = Debug|x64
		{FF0B4776-DCB6-3B99-8C7A-864F00294792}.Debug|x64.Build.0 = Debug|x64
		{FF0B4776-DCB6-3B99-8C7A-864F00294792}.Release|x64.ActiveCfg = Release|x64
		{FF0B4776-DCB6-3B99-8C7A-864F00294792}.Release|x64.Build.0 = Release|x64
		{FF0B4776-DCB6-3B99-8C7A-864F00294792}.MinSizeRel|x64.ActiveCfg = MinSizeRel|x64
		{FF0B4776-DCB6-3B99-8C7A-864F00294792}.MinSizeRel|x64.Build.0 = MinSizeRel|x64
		{FF0B4776-DCB6-3B99-8C7A-864F00294792}.RelWithDebInfo|x64.ActiveCfg = RelWithDebInfo|x64
		{FF0B4776-DCB6-3B99-8C7A-864F00294792}.RelWithDebInfo|x64.Build.0 = RelWithDebInfo|x64
		{EA74DF19-9146-3381-8893-012797E38D89}.Debug|x64.ActiveCfg = Debug|x64
		{EA74DF19-9146-3381-8893-012797E38D89}.Debug|x64.Build.0 = Debug|x64
		{EA74DF19-9146-3381-8893-012797E38D89}.Release|x64.ActiveCfg = Release|x64
		{EA74DF19-9146-3381-8893-012797E38D89}.Release|x64.Build.0 = Release|x64
		{EA74DF19-9146-3381-8893-012797E38D89}.MinSizeRel|x64.ActiveCfg = MinSizeRel|x64
		{EA74DF19-9146-3381-8893-012797E38D89}.MinSizeRel|x64.Build.0 = MinSizeRel|x64
		{EA74DF19-9146-3381-8893-012797E38D89}.RelWithDebInfo|x64.ActiveCfg = RelWithDebInfo|x64
		{EA74DF19-9146-3381-8893-012797E38D89}.RelWithDebInfo|x64.Build.0 = RelWithDebInfo|x64
		{E92ECADF-56A3-3BFC-B43D-409A1B9FC33C}.Debug|x64.ActiveCfg = Debug|x64
		{E92ECADF-56A3-3BFC-B43D-409A1B9FC33C}.Debug|x64.Build.0 = Debug|x64
		{E92ECADF-56A3-3BFC-B43D-409A1B9FC33C}.Release|x64.ActiveCfg = Release|x64
		{E92ECADF-56A3-3BFC-B43D-409A1B9FC33C}.Release|x64.Build.0 = Release|x64
		{E92ECADF-56A3-3BFC-B43D-409A1B9FC33C}.MinSizeRel|x64.ActiveCfg = MinSizeRel|x64
		{E92ECADF-56A3-3BFC-B43D-409A1B9FC33C}.MinSizeRel|x64.Build.0 = MinSizeRel|x64
		{E92ECADF-56A3-3BFC-B43D-409A1B9FC33C}.RelWithDebInfo|x64.ActiveCfg = RelWithDebInfo|x64
		{E92ECADF-56A3-3BFC-B43D-409A1B9FC33C}.RelWithDebInfo|x64.Build.0 = RelWithDebInfo|x64
		{17591839-9B6B-3DA7-8E99-3BD898FC4D68}.Debug|x64.ActiveCfg = Debug|x64
		{17591839-9B6B-3DA7-8E99-3BD898FC4D68}.Debug|x64.Build.0 = Debug|x64
		{17591839-9B6B-3DA7-8E99-3BD898FC4D68}.Release|x64.ActiveCfg = Release|x64
		{17591839-9B6B-3DA7-8E99-3BD898FC4D68}.Release|x64.Build.0 = Release|x64
		{17591839-9B6B-3DA7-8E99-3BD898FC4D68}.MinSizeRel|x64.ActiveCfg = MinSizeRel|x64
		{17591839-9B6B-3DA7-8E99-3BD898FC4D68}.MinSizeRel|x64.Build.0 = MinSizeRel|x64
		{17591839-9B6B-3DA7-8E99-3BD898FC4D68}.RelWithDebInfo|x64.ActiveCfg = RelWithDebInfo|x64
		{17591839-9B6B-3DA7-8E99-3BD898FC4D68}.RelWithDebInfo|x64.Build.0 = RelWithDebInfo|x64
		{881A348F-8868-32A1-8F95-FEDDB7080658}.Debug|x64.ActiveCfg = Debug|x64
		{881A348F-8868-32A1-8F95-FEDDB7080658}.Debug|x64.Build.0 = Debug|x64
		{881A348F-8868-32A1-8F95-FEDDB7080658}.Release|x64.ActiveCfg = Release|x64
		{881A348F-8868-32A1-8F95-FEDDB7080658}.Release|x64.Build.0 = Release|x64
		{881A348F-8868-32A1-8F95-FEDDB7080658}.MinSizeRel|x64.ActiveCfg = MinSizeRel|x64
		{881A348F-8868-32A1-8F95-FEDDB7080658}.MinSizeRel|x64.Build.0 = MinSizeRel|x64
		{881A348F-8868-32A1-8F95-FEDDB7080658}.RelWithDebInfo|x64.ActiveCfg = RelWithDebInfo|x64
		{881A348F-8868-32A1-8F95-FEDDB7080658}.RelWithDebInfo|x64.Build.0 = RelWithDebInfo|x64
		{01D9DD17-E30C-3D9D-B6A8-7613672597D6}.Debug|x64.ActiveCfg = Debug|x64
		{01D9DD17-E30C-3D9D-B6A8-7613672597D6}.Debug|x64.Build.0 = Debug|x64
		{01D9DD17-E30C-3D9D-B6A8-7613672597D6}.Release|x64.ActiveCfg = Release|x64
		{01D9DD17-E30C-3D9D-B6A8-7613672597D6}.Release|x64.Build.0 = Release|x64
		{01D9DD17-E30C-3D9D-B6A8-7613672597D6}.MinSizeRel|x64.ActiveCfg = MinSizeRel|x64
		{01D9DD17-E30C-3D9D-B6A8-7613672597D6}.MinSizeRel|x64.Build.0 = MinSizeRel|x64
		{01D9DD17-E30C-3D9D-B6A8-7613672597D6}.RelWithDebInfo|x64.ActiveCfg = RelWithDebInfo|x64
		{01D9DD17-E30C-3D9D-B6A8-7613672597D6}.RelWithDebInfo|x64.Build.0 = RelWithDebInfo|x64
		{380E525A-3A52-3A67-9C87-4468BE1A42C0}.Debug|x64.ActiveCfg = Debug|x64
		{380E525A-3A52-3A67-9C87-4468BE1A42C0}.Debug|x64.Build.0 = Debug|x64
		{380E525A-3A52-3A67-9C87-4468BE1A42C0}.Release|x64.ActiveCfg = Release|x64
		{380E525A-3A52-3A67-9C87-4468BE1A42C0}.Release|x64.Build.0 = Release|x64
		{380E525A-3A52-3A67-9C87-4468BE1A42C0}.MinSizeRel|x64.ActiveCfg = MinSizeRel|x64
		{380E525A-3A52-3A67-9C87-4468BE1A42C0}.MinSizeRel|x64.Build.0 = MinSizeRel|x64
		{380E525A-3A52-3A67-9C87-4468BE1A42C0}.RelWithDebInfo|x64.ActiveCfg = RelWithDebInfo|x64
		{380E525A-3A52-3A67-9C87-4468BE1A42C0}.RelWithDebInfo|x64.Build.0 = RelWithDebInfo|x64
		{323A0F94-AA64-3A3C-8025-DD1E54A95E0C}.Debug|x64.ActiveCfg = Debug|x64
		{323A0F94-AA64-3A3C-8025-DD1E54A95E0C}.Debug|x64.Build.0 = Debug|x64
		{323A0F94-AA64-3A3C-8025-DD1E54A95E0C}.Release|x64.ActiveCfg = Release|x64
		{323A0F94-AA64-3A3C-8025-DD1E54A95E0C}.Release|x64.Build.0 = Release|x64
		{323A0F94-AA64-3A3C-8025-DD1E54A95E0C}.MinSizeRel|x64.ActiveCfg = MinSizeRel|x64
		{323A0F94-AA64-3A3C-8025-DD1E54A95E0C}.MinSizeRel|x64.Build.0 = MinSizeRel|x64
		{323A0F94-AA64-3A3C-8025-DD1E54A95E0C}.RelWithDebInfo|x64.ActiveCfg = RelWithDebInfo|x64
		{323A0F94-AA64-3A3C-8025-DD1E54A95E0C}.RelWithDebInfo|x64.Build.0 = RelWithDebInfo|x64
		{F2E34BBA-5471-371F-8DCA-9016B410CA1A}.Debug|x64.ActiveCfg = Debug|x64
		{F2E34BBA-5471-371F-8DCA-9016B410CA1A}.Debug|x64.Build.0 = Debug|x64
		{F2E34BBA-5471-371F-8DCA-9016B410CA1A}.Release|x64.ActiveCfg = Release|x64
		{F2E34BBA-5471-371F-8DCA-9016B410CA1A}.Release|x64.Build.0 = Release|x64
		{F2E34BBA-5471-371F-8DCA-9016B410CA1A}.MinSizeRel|x64.ActiveCfg = MinSizeRel|x64
		{F2E34BBA-5471-371F-8DCA-9016B410CA1A}.MinSizeRel|x64.Build.0 = MinSizeRel|x64
		{F2E34BBA-5471-371F-8DCA-9016B410CA1A}.RelWithDebInfo|x64.ActiveCfg = RelWithDebInfo|x64
		{F2E34BBA-5471-371F-8DCA-9016B410CA1A}.RelWithDebInfo|x64.Build.0 = RelWithDebInfo|x64
		{4AA9B54A-05AF-3342-B0C3-D05293C0EDEF}.Debug|x64.ActiveCfg = Debug|x64
		{4AA9B54A-05AF-3342-B0C3-D05293C0EDEF}.Debug|x64.Build.0 = Debug|x64
		{4AA9B54A-05AF-3342-B0C3-D05293C0EDEF}.Release|x64.ActiveCfg = Release|x64
		{4AA9B54A-05AF-3342-B0C3-D05293C0EDEF}.Release|x64.Build.0 = Release|x64
		{4AA9B54A-05AF-3342-B0C3-D05293C0EDEF}.MinSizeRel|x64.ActiveCfg = MinSizeRel|x64
		{4AA9B54A-05AF-3342-B0C3-D05293C0EDEF}.MinSizeRel|x64.Build.0 = MinSizeRel|x64
		{4AA9B54A-05AF-3342-B0C3-D05293C0EDEF}.RelWithDebInfo|x64.ActiveCfg = RelWithDebInfo|x64
		{4AA9B54A-05AF-3342-B0C3-D05293C0EDEF}.RelWithDebInfo|x64.Build.0 = RelWithDebInfo|x64
	EndGlobalSection
	GlobalSection(ExtensibilityGlobals) = postSolution
	EndGlobalSection
	GlobalSection(ExtensibilityAddIns) = postSolution
	EndGlobalSection
EndGlobal
