<?xml version="1.0" encoding="UTF-8"?>
<Project ToolsVersion="4.0" xmlns="http://schemas.microsoft.com/developer/msbuild/2003">
  <ItemGroup>
    <CustomBuild Include="C:\Users\Admin\Documents\Education\MAIA-Italia\AdvancedImageAnalysis\Projects\CMakeFiles\18356820790b62f7405e71a0d50335b6\generate.stamp.rule">
      <Filter>CMake Rules</Filter>
    </CustomBuild>
  </ItemGroup>
  <ItemGroup>
    <Filter Include="CMake Rules">
      <UniqueIdentifier>{0C6EB865-7A91-3969-BD37-B60A707760E5}</UniqueIdentifier>
    </Filter>
  </ItemGroup>
</Project>
